
Microsoft Visual Studio Solution File, Format Version 12.00
# Visual Studio Version 17
VisualStudioVersion = 17.9.34902.65
MinimumVisualStudioVersion = 10.0.40219.1
Project("{9A19103F-16F7-4668-BE54-9A1E7A4F7556}") = "PrimeFlix", "PrimeFlix.csproj", "{CFE8D263-175D-4E91-A9B6-DD6EB4B761F2}"
EndProject
Global
	GlobalSection(SolutionConfigurationPlatforms) = preSolution
		Debug|Any CPU = Debug|Any CPU
		Release|Any CPU = Release|Any CPU
	EndGlobalSection
	GlobalSection(ProjectConfigurationPlatforms) = postSolution
		{CFE8D263-175D-4E91-A9B6-DD6EB4B761F2}.Debug|Any CPU.ActiveCfg = Debug|Any CPU
		{CFE8D263-175D-4E91-A9B6-DD6EB4B761F2}.Debug|Any CPU.Build.0 = Debug|Any CPU
		{CFE8D263-175D-4E91-A9B6-DD6EB4B761F2}.Release|Any CPU.ActiveCfg = Release|Any CPU
		{CFE8D263-175D-4E91-A9B6-DD6EB4B761F2}.Release|Any CPU.Build.0 = Release|Any CPU
	EndGlobalSection
	GlobalSection(SolutionProperties) = preSolution
		HideSolutionNode = FALSE
	EndGlobalSection
	GlobalSection(ExtensibilityGlobals) = postSolution
		SolutionGuid = {62357367-51B9-413A-BB63-14D0A3C4BCD3}
	EndGlobalSection
EndGlobal
